
Microsoft Visual Studio Solution File, Format Version 12.00
# Visual Studio Version 17
VisualStudioVersion = 17.9.34723.18
MinimumVisualStudioVersion = 10.0.40219.1
Project("{FAE04EC0-301F-11D3-BF4B-00C04F79EFBC}") = "Lufthansa Exam", "Lufthansa Exam.csproj", "{18802D8A-7F2D-4FDC-A4A5-982C193A869D}"
EndProject
Global
	GlobalSection(SolutionConfigurationPlatforms) = preSolution
		Debug|Any CPU = Debug|Any CPU
		Release|Any CPU = Release|Any CPU
	EndGlobalSection
	GlobalSection(ProjectConfigurationPlatforms) = postSolution
		{18802D8A-7F2D-4FDC-A4A5-982C193A869D}.Debug|Any CPU.ActiveCfg = Debug|Any CPU
		{18802D8A-7F2D-4FDC-A4A5-982C193A869D}.Debug|Any CPU.Build.0 = Debug|Any CPU
		{18802D8A-7F2D-4FDC-A4A5-982C193A869D}.Release|Any CPU.ActiveCfg = Release|Any CPU
		{18802D8A-7F2D-4FDC-A4A5-982C193A869D}.Release|Any CPU.Build.0 = Release|Any CPU
	EndGlobalSection
	GlobalSection(SolutionProperties) = preSolution
		HideSolutionNode = FALSE
	EndGlobalSection
	GlobalSection(ExtensibilityGlobals) = postSolution
		SolutionGuid = {156945C6-7367-4715-8D65-22574FC6CC23}
	EndGlobalSection
EndGlobal
